{
  "name": "3.7",
  "lockfileVersion": 3,
  "requires": true,
  "packages": {
    "": {
      "dependencies": {
        "types-registry": "^0.1.666"
      }
    },
    "node_modules/types-registry": {
      "version": "0.1.666",
      "resolved": "https://registry.npmjs.org/types-registry/-/types-registry-0.1.666.tgz",
      "integrity": "sha512-40LMGsCS/0zVwlCcq9RTOPCK2/pxYYHkwnzVFSGH4wObUzuhf99t22TV02NwNzA+kL60ughZT3asvfUmtgVyPA=="
    }
  }
}
