{
	"name": "git-base",
	"version": "1.0.0",
	"lockfileVersion": 1,
	"requires": true,
	"dependencies": {
		"@types/node": {
			"version": "16.11.36",
			"resolved": false,
			"integrity": "sha512-FR5QJe+TaoZ2GsMHkjuwoNabr+UrJNRr2HNOo+r/7vhcuntM6Ee/pRPOnRhhL2XE9OOvX9VLEq+BcXl3VjNoWA==",
			"dev": true
		},
		"vscode-nls": {
			"version": "5.0.1",
			"resolved": false,
			"integrity": "sha512-hHQV6iig+M21lTdItKPkJAaWrxALQb/nqpVffakO4knJOh3DrU2SXOMzUzNgo1eADPzu3qSsJY1weCzvR52q9A=="
		}
	}
}
